
Microsoft Visual Studio Solution File, Format Version 12.00
# Visual Studio Version 17
VisualStudioVersion = 17.1.32414.318
MinimumVisualStudioVersion = 10.0.40219.1
Project("{9A19103F-16F7-4668-BE54-9A1E7A4F7556}") = "BookMyShow", "BookMyShow\BookMyShow.csproj", "{D4FADFF4-30FB-48DB-8D11-A0C013C3F7A2}"
EndProject
Project("{00D1A9C2-B5F0-4AF3-8072-F6C62B433612}") = "BookMyShowDatabase", "BookMyShowDatabase\BookMyShowDatabase.sqlproj", "{BD0F9B42-2B44-44ED-96A5-E63AFE2822CE}"
EndProject
Global
	GlobalSection(SolutionConfigurationPlatforms) = preSolution
		Debug|Any CPU = Debug|Any CPU
		Release|Any CPU = Release|Any CPU
	EndGlobalSection
	GlobalSection(ProjectConfigurationPlatforms) = postSolution
		{D4FADFF4-30FB-48DB-8D11-A0C013C3F7A2}.Debug|Any CPU.ActiveCfg = Debug|Any CPU
		{D4FADFF4-30FB-48DB-8D11-A0C013C3F7A2}.Debug|Any CPU.Build.0 = Debug|Any CPU
		{D4FADFF4-30FB-48DB-8D11-A0C013C3F7A2}.Release|Any CPU.ActiveCfg = Release|Any CPU
		{D4FADFF4-30FB-48DB-8D11-A0C013C3F7A2}.Release|Any CPU.Build.0 = Release|Any CPU
		{BD0F9B42-2B44-44ED-96A5-E63AFE2822CE}.Debug|Any CPU.ActiveCfg = Debug|Any CPU
		{BD0F9B42-2B44-44ED-96A5-E63AFE2822CE}.Debug|Any CPU.Build.0 = Debug|Any CPU
		{BD0F9B42-2B44-44ED-96A5-E63AFE2822CE}.Debug|Any CPU.Deploy.0 = Debug|Any CPU
		{BD0F9B42-2B44-44ED-96A5-E63AFE2822CE}.Release|Any CPU.ActiveCfg = Release|Any CPU
		{BD0F9B42-2B44-44ED-96A5-E63AFE2822CE}.Release|Any CPU.Build.0 = Release|Any CPU
		{BD0F9B42-2B44-44ED-96A5-E63AFE2822CE}.Release|Any CPU.Deploy.0 = Release|Any CPU
	EndGlobalSection
	GlobalSection(SolutionProperties) = preSolution
		HideSolutionNode = FALSE
	EndGlobalSection
	GlobalSection(ExtensibilityGlobals) = postSolution
		SolutionGuid = {23A0C5BB-C3A3-4BED-B235-9C187C3CF142}
	EndGlobalSection
EndGlobal
